{
    "version": 3,
    "terraform_version": "0.10.8",
    "serial": 11,
    "lineage": "07aaea1b-7f2a-4e22-bf63-0c745924a584",
    "modules": [
        {
            "path": [
                "root"
            ],
            "outputs": {
                "s3_bucket_arn": {
                    "sensitive": false,
                    "type": "string",
                    "value": "arn:aws:s3:::webcluster-aamyuser"
                }
            },
            "resources": {
                "aws_autoscaling_group.example": {
                    "type": "aws_autoscaling_group",
                    "depends_on": [
                        "aws_elb.example",
                        "aws_launch_configuration.example",
                        "data.aws_availability_zones.all"
                    ],
                    "primary": {
                        "id": "tf-asg-20171201014114006100000002",
                        "attributes": {
                            "arn": "arn:aws:autoscaling:us-east-1:932586616415:autoScalingGroup:b3c2262f-2dd6-4fbc-b0e4-9bc3e443c5d9:autoScalingGroupName/tf-asg-20171201014114006100000002",
                            "availability_zones.#": "6",
                            "availability_zones.1252502072": "us-east-1f",
                            "availability_zones.1305112097": "us-east-1b",
                            "availability_zones.2762590996": "us-east-1d",
                            "availability_zones.3551460226": "us-east-1e",
                            "availability_zones.3569565595": "us-east-1a",
                            "availability_zones.986537655": "us-east-1c",
                            "default_cooldown": "300",
                            "desired_capacity": "2",
                            "force_delete": "false",
                            "health_check_grace_period": "300",
                            "health_check_type": "ELB",
                            "id": "tf-asg-20171201014114006100000002",
                            "launch_configuration": "terraform-20171201014108981500000001",
                            "load_balancers.#": "1",
                            "load_balancers.3603464733": "terraform-asg-example",
                            "max_size": "5",
                            "metrics_granularity": "1Minute",
                            "min_size": "2",
                            "name": "tf-asg-20171201014114006100000002",
                            "placement_group": "",
                            "protect_from_scale_in": "false",
                            "suspended_processes.#": "0",
                            "tag.#": "1",
                            "tag.4170447404.key": "Name",
                            "tag.4170447404.propagate_at_launch": "true",
                            "tag.4170447404.value": "terraform-asg-example",
                            "target_group_arns.#": "0",
                            "termination_policies.#": "0",
                            "vpc_zone_identifier.#": "0",
                            "wait_for_capacity_timeout": "10m"
                        },
                        "meta": {
                            "e2bfb730-ecaa-11e6-8f88-34363bc7c4c0": {
                                "delete": 600000000000
                            }
                        },
                        "tainted": false
                    },
                    "deposed": [],
                    "provider": ""
                },
                "aws_elb.example": {
                    "type": "aws_elb",
                    "depends_on": [
                        "aws_security_group.elb",
                        "data.aws_availability_zones.all"
                    ],
                    "primary": {
                        "id": "terraform-asg-example",
                        "attributes": {
                            "access_logs.#": "0",
                            "availability_zones.#": "6",
                            "availability_zones.1252502072": "us-east-1f",
                            "availability_zones.1305112097": "us-east-1b",
                            "availability_zones.2762590996": "us-east-1d",
                            "availability_zones.3551460226": "us-east-1e",
                            "availability_zones.3569565595": "us-east-1a",
                            "availability_zones.986537655": "us-east-1c",
                            "connection_draining": "false",
                            "connection_draining_timeout": "300",
                            "cross_zone_load_balancing": "true",
                            "dns_name": "terraform-asg-example-1335491493.us-east-1.elb.amazonaws.com",
                            "health_check.#": "1",
                            "health_check.0.healthy_threshold": "2",
                            "health_check.0.interval": "30",
                            "health_check.0.target": "HTTP:8080/",
                            "health_check.0.timeout": "3",
                            "health_check.0.unhealthy_threshold": "2",
                            "id": "terraform-asg-example",
                            "idle_timeout": "60",
                            "instances.#": "0",
                            "internal": "false",
                            "listener.#": "1",
                            "listener.3931999347.instance_port": "8080",
                            "listener.3931999347.instance_protocol": "http",
                            "listener.3931999347.lb_port": "80",
                            "listener.3931999347.lb_protocol": "http",
                            "listener.3931999347.ssl_certificate_id": "",
                            "name": "terraform-asg-example",
                            "security_groups.#": "1",
                            "security_groups.1003728455": "sg-7145dc04",
                            "source_security_group": "932586616415/terraform-example-elb",
                            "source_security_group_id": "sg-7145dc04",
                            "subnets.#": "6",
                            "subnets.1359358012": "subnet-af9238e4",
                            "subnets.2492555607": "subnet-4a003246",
                            "subnets.2846689719": "subnet-8e64c4b1",
                            "subnets.3819869061": "subnet-b52ec3e8",
                            "subnets.4138382794": "subnet-db26cef4",
                            "subnets.773453783": "subnet-eec44b8a",
                            "tags.%": "0",
                            "zone_id": "Z35SXDOTRQ7X7K"
                        },
                        "meta": {},
                        "tainted": false
                    },
                    "deposed": [],
                    "provider": ""
                },
                "aws_launch_configuration.example": {
                    "type": "aws_launch_configuration",
                    "depends_on": [
                        "aws_security_group.instance",
                        "data.template_file.user_data"
                    ],
                    "primary": {
                        "id": "terraform-20171201014108981500000001",
                        "attributes": {
                            "associate_public_ip_address": "false",
                            "ebs_block_device.#": "0",
                            "ebs_optimized": "false",
                            "enable_monitoring": "true",
                            "ephemeral_block_device.#": "0",
                            "iam_instance_profile": "",
                            "id": "terraform-20171201014108981500000001",
                            "image_id": "ami-da05a4a0",
                            "instance_type": "t2.micro",
                            "key_name": "mykey",
                            "name": "terraform-20171201014108981500000001",
                            "root_block_device.#": "0",
                            "security_groups.#": "1",
                            "security_groups.3876256797": "sg-0c4ed779",
                            "spot_price": "",
                            "user_data": "19d7b6111bfbe64a8d14f50a5a366bb45598afe4",
                            "vpc_classic_link_id": "",
                            "vpc_classic_link_security_groups.#": "0"
                        },
                        "meta": {},
                        "tainted": false
                    },
                    "deposed": [],
                    "provider": ""
                },
                "aws_s3_bucket.terraform_state": {
                    "type": "aws_s3_bucket",
                    "depends_on": [],
                    "primary": {
                        "id": "webcluster-aamyuser",
                        "attributes": {
                            "acceleration_status": "",
                            "acl": "private",
                            "arn": "arn:aws:s3:::webcluster-aamyuser",
                            "bucket": "webcluster-aamyuser",
                            "bucket_domain_name": "webcluster-aamyuser.s3.amazonaws.com",
                            "force_destroy": "false",
                            "hosted_zone_id": "Z3AQBSTGFYJSTF",
                            "id": "webcluster-aamyuser",
                            "logging.#": "0",
                            "region": "us-east-1",
                            "request_payer": "BucketOwner",
                            "tags.%": "0",
                            "versioning.#": "1",
                            "versioning.0.enabled": "true",
                            "versioning.0.mfa_delete": "false",
                            "website.#": "0"
                        },
                        "meta": {},
                        "tainted": false
                    },
                    "deposed": [],
                    "provider": ""
                },
                "aws_security_group.elb": {
                    "type": "aws_security_group",
                    "depends_on": [],
                    "primary": {
                        "id": "sg-7145dc04",
                        "attributes": {
                            "description": "Managed by Terraform",
                            "egress.#": "1",
                            "egress.482069346.cidr_blocks.#": "1",
                            "egress.482069346.cidr_blocks.0": "0.0.0.0/0",
                            "egress.482069346.description": "",
                            "egress.482069346.from_port": "0",
                            "egress.482069346.ipv6_cidr_blocks.#": "0",
                            "egress.482069346.prefix_list_ids.#": "0",
                            "egress.482069346.protocol": "-1",
                            "egress.482069346.security_groups.#": "0",
                            "egress.482069346.self": "false",
                            "egress.482069346.to_port": "0",
                            "id": "sg-7145dc04",
                            "ingress.#": "1",
                            "ingress.2214680975.cidr_blocks.#": "1",
                            "ingress.2214680975.cidr_blocks.0": "0.0.0.0/0",
                            "ingress.2214680975.description": "",
                            "ingress.2214680975.from_port": "80",
                            "ingress.2214680975.ipv6_cidr_blocks.#": "0",
                            "ingress.2214680975.protocol": "tcp",
                            "ingress.2214680975.security_groups.#": "0",
                            "ingress.2214680975.self": "false",
                            "ingress.2214680975.to_port": "80",
                            "name": "terraform-example-elb",
                            "owner_id": "932586616415",
                            "revoke_rules_on_delete": "false",
                            "tags.%": "0",
                            "vpc_id": "vpc-72fc5d0a"
                        },
                        "meta": {
                            "schema_version": "1"
                        },
                        "tainted": false
                    },
                    "deposed": [],
                    "provider": ""
                },
                "aws_security_group.instance": {
                    "type": "aws_security_group",
                    "depends_on": [],
                    "primary": {
                        "id": "sg-0c4ed779",
                        "attributes": {
                            "description": "Managed by Terraform",
                            "egress.#": "0",
                            "id": "sg-0c4ed779",
                            "ingress.#": "2",
                            "ingress.516175195.cidr_blocks.#": "1",
                            "ingress.516175195.cidr_blocks.0": "0.0.0.0/0",
                            "ingress.516175195.description": "",
                            "ingress.516175195.from_port": "8080",
                            "ingress.516175195.ipv6_cidr_blocks.#": "0",
                            "ingress.516175195.protocol": "tcp",
                            "ingress.516175195.security_groups.#": "0",
                            "ingress.516175195.self": "false",
                            "ingress.516175195.to_port": "8080",
                            "ingress.524661158.cidr_blocks.#": "1",
                            "ingress.524661158.cidr_blocks.0": "142.244.161.85/32",
                            "ingress.524661158.description": "",
                            "ingress.524661158.from_port": "22",
                            "ingress.524661158.ipv6_cidr_blocks.#": "0",
                            "ingress.524661158.protocol": "tcp",
                            "ingress.524661158.security_groups.#": "0",
                            "ingress.524661158.self": "false",
                            "ingress.524661158.to_port": "22",
                            "name": "terraform-example-instance",
                            "owner_id": "932586616415",
                            "revoke_rules_on_delete": "false",
                            "tags.%": "0",
                            "vpc_id": "vpc-72fc5d0a"
                        },
                        "meta": {
                            "schema_version": "1"
                        },
                        "tainted": false
                    },
                    "deposed": [],
                    "provider": ""
                },
                "data.aws_availability_zones.all": {
                    "type": "aws_availability_zones",
                    "depends_on": [],
                    "primary": {
                        "id": "2017-12-01 01:40:57.777517264 +0000 UTC",
                        "attributes": {
                            "id": "2017-12-01 01:40:57.777517264 +0000 UTC",
                            "names.#": "6",
                            "names.0": "us-east-1a",
                            "names.1": "us-east-1b",
                            "names.2": "us-east-1c",
                            "names.3": "us-east-1d",
                            "names.4": "us-east-1e",
                            "names.5": "us-east-1f"
                        },
                        "meta": {},
                        "tainted": false
                    },
                    "deposed": [],
                    "provider": ""
                },
                "data.template_file.user_data": {
                    "type": "template_file",
                    "depends_on": [
                        "data.terraform_remote_state.db"
                    ],
                    "primary": {
                        "id": "5c045dc4a5b2c45ae493d093e6fff3b6a9ad03357013062411f4c2eb25f093d6",
                        "attributes": {
                            "id": "5c045dc4a5b2c45ae493d093e6fff3b6a9ad03357013062411f4c2eb25f093d6",
                            "rendered": "#!/bin/bash\ncat \u003e index.html \u003c\u003c EOF\n\u003ch1\u003e Hello World \u003c/h1\u003e\n\u003cp\u003e DB Address: terraform-20171130200904664000000001.ca54b4jbxmiq.us-east-1.rds.amazonaws.com\u003c/p\u003e\n\u003cp\u003e DB port: 3306 \u003c/p\u003e\nEOF\nnohup busybox httpd -f -p \"8080\" \u0026\n",
                            "template": "#!/bin/bash\ncat \u003e index.html \u003c\u003c EOF\n\u003ch1\u003e Hello World \u003c/h1\u003e\n\u003cp\u003e DB Address: ${db_address}\u003c/p\u003e\n\u003cp\u003e DB port: ${db_port} \u003c/p\u003e\nEOF\nnohup busybox httpd -f -p \"${server_port}\" \u0026\n",
                            "vars.%": "3",
                            "vars.db_address": "terraform-20171130200904664000000001.ca54b4jbxmiq.us-east-1.rds.amazonaws.com",
                            "vars.db_port": "3306",
                            "vars.server_port": "8080"
                        },
                        "meta": {},
                        "tainted": false
                    },
                    "deposed": [],
                    "provider": ""
                },
                "data.terraform_remote_state.db": {
                    "type": "terraform_remote_state",
                    "depends_on": [],
                    "primary": {
                        "id": "2017-12-01 01:40:58.495812116 +0000 UTC",
                        "attributes": {
                            "address": "terraform-20171130200904664000000001.ca54b4jbxmiq.us-east-1.rds.amazonaws.com",
                            "backend": "s3",
                            "config.%": "3",
                            "config.bucket": "mysql-aamyuser",
                            "config.key": "stage/services/mysql-cluster/terraform.tfstate",
                            "config.region": "us-east-1",
                            "environment": "default",
                            "id": "2017-12-01 01:40:58.495812116 +0000 UTC",
                            "port": "3306"
                        },
                        "meta": {},
                        "tainted": false
                    },
                    "deposed": [],
                    "provider": ""
                }
            },
            "depends_on": []
        }
    ]
}
